[[package]]
name = "altgraph"
version = "0.17.2"
description = "Python graph (network) package"
category = "dev"
optional = false
python-versions = "*"

[[package]]
name = "astroid"
version = "2.9.3"
description = "An abstract syntax tree for Python with inference support."
category = "dev"
optional = false
python-versions = ">=3.6.2"

[package.dependencies]
lazy-object-proxy = ">=1.4.0"
typing-extensions = {version = ">=3.10", markers = "python_version < \"3.10\""}
wrapt = ">=1.11,<1.14"

[[package]]
name = "autopep8"
version = "1.6.0"
description = "A tool that automatically formats Python code to conform to the PEP 8 style guide"
category = "dev"
optional = false
python-versions = "*"

[package.dependencies]
pycodestyle = ">=2.8.0"
toml = "*"

[[package]]
name = "colorama"
version = "0.4.4"
description = "Cross-platform colored terminal text."
category = "dev"
optional = false
python-versions = ">=2.7, !=3.0.*, !=3.1.*, !=3.2.*, !=3.3.*, !=3.4.*"

[[package]]
name = "cx-freeze"
version = "6.10"
description = "Create standalone executables from Python scripts"
category = "dev"
optional = false
python-versions = ">=3.6"

[package.dependencies]
cx-logging = {version = ">=3.0", markers = "sys_platform == \"win32\""}
importlib-metadata = {version = ">=4.8.3", markers = "python_version < \"3.10\""}
lief = {version = ">=0.11.5", markers = "sys_platform == \"win32\" and python_version < \"3.10\""}
patchelf = {version = ">=0.12", markers = "sys_platform == \"linux\""}

[[package]]
name = "cx-logging"
version = "3.0"
description = "Python and C interfaces for logging"
category = "dev"
optional = false
python-versions = "*"

[[package]]
name = "future"
version = "0.18.2"
description = "Clean single-source support for Python 3 and 2"
category = "dev"
optional = false
python-versions = ">=2.6, !=3.0.*, !=3.1.*, !=3.2.*"

[[package]]
name = "importlib-metadata"
version = "4.11.2"
description = "Read metadata from Python packages"
category = "dev"
optional = false
python-versions = ">=3.7"

[package.dependencies]
zipp = ">=0.5"

[package.extras]
docs = ["sphinx", "jaraco.packaging (>=9)", "rst.linker (>=1.9)"]
perf = ["ipython"]
testing = ["pytest (>=6)", "pytest-checkdocs (>=2.4)", "pytest-flake8", "pytest-cov", "pytest-enabler (>=1.0.1)", "packaging", "pyfakefs", "flufl.flake8", "pytest-perf (>=0.9.2)", "pytest-black (>=0.3.7)", "pytest-mypy (>=0.9.1)", "importlib-resources (>=1.3)"]

[[package]]
name = "isort"
version = "5.10.1"
description = "A Python utility / library to sort Python imports."
category = "dev"
optional = false
python-versions = ">=3.6.1,<4.0"

[package.extras]
pipfile_deprecated_finder = ["pipreqs", "requirementslib"]
requirements_deprecated_finder = ["pipreqs", "pip-api"]
colors = ["colorama (>=0.4.3,<0.5.0)"]
plugins = ["setuptools"]

[[package]]
name = "lazy-object-proxy"
version = "1.7.1"
description = "A fast and thorough lazy object proxy."
category = "dev"
optional = false
python-versions = ">=3.6"

[[package]]
name = "lief"
version = "0.11.5"
description = "Library to instrument executable formats"
category = "dev"
optional = false
python-versions = ">=3.6"

[[package]]
name = "macholib"
version = "1.15.2"
description = "Mach-O header analysis and editing"
category = "dev"
optional = false
python-versions = "*"

[package.dependencies]
altgraph = ">=0.15"

[[package]]
name = "mccabe"
version = "0.6.1"
description = "McCabe checker, plugin for flake8"
category = "dev"
optional = false
python-versions = "*"

[[package]]
name = "patchelf"
version = "0.14.5.0"
description = "A small utility to modify the dynamic linker and RPATH of ELF executables."
category = "dev"
optional = false
python-versions = "*"

[package.extras]
test = ["pytest", "importlib-metadata"]

[[package]]
name = "pefile"
version = "2021.9.3"
description = "Python PE parsing module"
category = "dev"
optional = false
python-versions = ">=3.6.0"

[package.dependencies]
future = "*"

[[package]]
name = "platformdirs"
version = "2.5.1"
description = "A small Python module for determining appropriate platform-specific dirs, e.g. a \"user data dir\"."
category = "dev"
optional = false
python-versions = ">=3.7"

[package.extras]
docs = ["Sphinx (>=4)", "furo (>=2021.7.5b38)", "proselint (>=0.10.2)", "sphinx-autodoc-typehints (>=1.12)"]
test = ["appdirs (==1.4.4)", "pytest (>=6)", "pytest-cov (>=2.7)", "pytest-mock (>=3.6)"]

[[package]]
name = "pycairo"
version = "1.20.1"
description = "Python interface for cairo"
category = "main"
optional = false
python-versions = ">=3.6, <4"

[[package]]
name = "pycodestyle"
version = "2.8.0"
description = "Python style guide checker"
category = "dev"
optional = false
python-versions = ">=2.7, !=3.0.*, !=3.1.*, !=3.2.*, !=3.3.*, !=3.4.*"

[[package]]
name = "pygobject"
version = "3.42.0"
description = "Python bindings for GObject Introspection"
category = "main"
optional = false
python-versions = ">=3.6, <4"

[package.dependencies]
pycairo = ">=1.16,<2.0"

[[package]]
name = "pygobject-stubs"
version = "0.0.3"
description = ""
category = "dev"
optional = false
python-versions = "*"

[package.dependencies]
PyGObject = "*"

[[package]]
name = "pyinstaller"
version = "4.9"
description = "PyInstaller bundles a Python application and all its dependencies into a single package."
category = "dev"
optional = false
python-versions = "<3.11,>=3.6"

[package.dependencies]
altgraph = "*"
macholib = {version = ">=1.8", markers = "sys_platform == \"darwin\""}
pefile = {version = ">=2017.8.1", markers = "sys_platform == \"win32\""}
pyinstaller-hooks-contrib = ">=2020.6"
pywin32-ctypes = {version = ">=0.2.0", markers = "sys_platform == \"win32\""}

[package.extras]
encryption = ["tinyaes (>=1.0.0)"]
hook_testing = ["pytest (>=2.7.3)", "execnet (>=1.5.0)", "psutil"]

[[package]]
name = "pyinstaller-hooks-contrib"
version = "2022.2"
description = "Community maintained hooks for PyInstaller"
category = "dev"
optional = false
python-versions = ">=3.7"

[[package]]
name = "pylint"
version = "2.12.2"
description = "python code static checker"
category = "dev"
optional = false
python-versions = ">=3.6.2"

[package.dependencies]
astroid = ">=2.9.0,<2.10"
colorama = {version = "*", markers = "sys_platform == \"win32\""}
isort = ">=4.2.5,<6"
mccabe = ">=0.6,<0.7"
platformdirs = ">=2.2.0"
toml = ">=0.9.2"
typing-extensions = {version = ">=3.10.0", markers = "python_version < \"3.10\""}

[[package]]
name = "pywin32-ctypes"
version = "0.2.0"
description = ""
category = "dev"
optional = false
python-versions = "*"

[[package]]
name = "toml"
version = "0.10.2"
description = "Python Library for Tom's Obvious, Minimal Language"
category = "dev"
optional = false
python-versions = ">=2.6, !=3.0.*, !=3.1.*, !=3.2.*"

[[package]]
name = "typing-extensions"
version = "4.1.1"
description = "Backported and Experimental Type Hints for Python 3.6+"
category = "dev"
optional = false
python-versions = ">=3.6"

[[package]]
name = "wrapt"
version = "1.13.3"
description = "Module for decorators, wrappers and monkey patching."
category = "dev"
optional = false
python-versions = "!=3.0.*,!=3.1.*,!=3.2.*,!=3.3.*,!=3.4.*,>=2.7"

[[package]]
name = "zipp"
version = "3.7.0"
description = "Backport of pathlib-compatible object wrapper for zip files"
category = "dev"
optional = false
python-versions = ">=3.7"

[package.extras]
docs = ["sphinx", "jaraco.packaging (>=8.2)", "rst.linker (>=1.9)"]
testing = ["pytest (>=6)", "pytest-checkdocs (>=2.4)", "pytest-flake8", "pytest-cov", "pytest-enabler (>=1.0.1)", "jaraco.itertools", "func-timeout", "pytest-black (>=0.3.7)", "pytest-mypy"]

[metadata]
lock-version = "1.1"
python-versions = ">=3.9,<3.11"
content-hash = "182827667e141b1116aac12fb103733df81cb663e0384597b903903154654f34"

[metadata.files]
altgraph = [
    {file = "altgraph-0.17.2-py2.py3-none-any.whl", hash = "sha256:743628f2ac6a7c26f5d9223c91ed8ecbba535f506f4b6f558885a8a56a105857"},
    {file = "altgraph-0.17.2.tar.gz", hash = "sha256:ebf2269361b47d97b3b88e696439f6e4cbc607c17c51feb1754f90fb79839158"},
]
astroid = [
    {file = "astroid-2.9.3-py3-none-any.whl", hash = "sha256:506daabe5edffb7e696ad82483ad0228245a9742ed7d2d8c9cdb31537decf9f6"},
    {file = "astroid-2.9.3.tar.gz", hash = "sha256:1efdf4e867d4d8ba4a9f6cf9ce07cd182c4c41de77f23814feb27ca93ca9d877"},
]
autopep8 = [
    {file = "autopep8-1.6.0-py2.py3-none-any.whl", hash = "sha256:ed77137193bbac52d029a52c59bec1b0629b5a186c495f1eb21b126ac466083f"},
    {file = "autopep8-1.6.0.tar.gz", hash = "sha256:44f0932855039d2c15c4510d6df665e4730f2b8582704fa48f9c55bd3e17d979"},
]
colorama = [
    {file = "colorama-0.4.4-py2.py3-none-any.whl", hash = "sha256:9f47eda37229f68eee03b24b9748937c7dc3868f906e8ba69fbcbdd3bc5dc3e2"},
    {file = "colorama-0.4.4.tar.gz", hash = "sha256:5941b2b48a20143d2267e95b1c2a7603ce057ee39fd88e7329b0c292aa16869b"},
]
cx-freeze = [
    {file = "cx_Freeze-6.10-cp310-cp310-win32.whl", hash = "sha256:770e911f70b48e4f309a47e02aaa7e1f6dc659fd1c486f3eebe5c9e9fe70aec2"},
    {file = "cx_Freeze-6.10-cp310-cp310-win_amd64.whl", hash = "sha256:8d936a872c124c2e2a40da2e898e4fa0d225a165ab606217f75136c14ee8e673"},
    {file = "cx_Freeze-6.10-cp36-cp36m-win32.whl", hash = "sha256:2be07ffce2dba23618cf736476df6f9837d9887c85f4f92fb3fbfcd090de041a"},
    {file = "cx_Freeze-6.10-cp36-cp36m-win_amd64.whl", hash = "sha256:59b4cb77f5c82613efbec03815b952a6fe73d4a1805bb370d57a8a1130a181ca"},
    {file = "cx_Freeze-6.10-cp37-cp37m-win32.whl", hash = "sha256:f03928cbcf8282e688dc1f9fa421044c24f5b7492a7b0fe7f45d5cc6f24c1ebf"},
    {file = "cx_Freeze-6.10-cp37-cp37m-win_amd64.whl", hash = "sha256:9c4b491affd10065bcdd20dc0ab5239f787affe6d61857811a937ed266faa213"},
    {file = "cx_Freeze-6.10-cp38-cp38-win32.whl", hash = "sha256:1438db6d59be86e8483ea2bf2ff2f81374ca63d8a1d3a84706173cc1b98dd46f"},
    {file = "cx_Freeze-6.10-cp38-cp38-win_amd64.whl", hash = "sha256:ec752333fa2e40347902730662785da0ec4576cec976552784a6f60a7a07b45d"},
    {file = "cx_Freeze-6.10-cp39-cp39-win32.whl", hash = "sha256:08a537681dcd1bcde9742584e91d86ef001fe798386f2834a904652d5b2a468a"},
    {file = "cx_Freeze-6.10-cp39-cp39-win_amd64.whl", hash = "sha256:a4d2cb00eec6bc72a419370b5b0b5d0f3adf4d8417eb89228981d470cf4c6af6"},
    {file = "cx_Freeze-6.10.tar.gz", hash = "sha256:e5b71bf57b9881ac142fbebeae2c8b0d3294b56f6e48ab64032321e3b1a2ba27"},
]
cx-logging = [
    {file = "cx_Logging-3.0-cp36-cp36m-manylinux1_x86_64.whl", hash = "sha256:9fcd297e5c51470521c47eff0f86ba844aeca6be97e13c3e2114ebdf03fa3c96"},
    {file = "cx_Logging-3.0-cp36-cp36m-win32.whl", hash = "sha256:0df4be47c5022cc54316949e283403214568ef599817ced0c0972183d6d4fabb"},
    {file = "cx_Logging-3.0-cp36-cp36m-win_amd64.whl", hash = "sha256:203ca92ee7c15d5dfe1fcdfcef7b39d0123eba5c6d8c2388b6e7db6b961a5362"},
    {file = "cx_Logging-3.0-cp37-cp37m-manylinux1_x86_64.whl", hash = "sha256:20daa71b2a30f61d09bcf55dbda002c10f0c7c691f53cb393fc6485410fa2484"},
    {file = "cx_Logging-3.0-cp37-cp37m-win32.whl", hash = "sha256:5be5f905e8d34a3326e28d428674cdc2d57912fdf6e25b8676d63f76294eb4e0"},
    {file = "cx_Logging-3.0-cp37-cp37m-win_amd64.whl", hash = "sha256:04e4b61e2636dc8ae135937655af6626362aefc7f6175e86888a244b61001823"},
    {file = "cx_Logging-3.0-cp38-cp38-manylinux1_x86_64.whl", hash = "sha256:1bf0ebc79a7baa331c7deaf57088c234b82710286dfad453ff0c55eee0122b72"},
    {file = "cx_Logging-3.0-cp38-cp38-win32.whl", hash = "sha256:d98a59a47e99fa430b3f6d2a979e27509852d2c43e204f43bd0168e7ec97f469"},
    {file = "cx_Logging-3.0-cp38-cp38-win_amd64.whl", hash = "sha256:bb2e91019e5905415f795eef994de60ace5ae186fc4fe3d358e2d8feebb24992"},
    {file = "cx_Logging-3.0-cp39-cp39-manylinux1_x86_64.whl", hash = "sha256:b6f4a9b750e02a180517f779d174a1c7db651981cd37e5623235b87da9774dfd"},
    {file = "cx_Logging-3.0-cp39-cp39-win32.whl", hash = "sha256:e7cca28e8ee4082654b6062cc4d06f83d48f1a7e2d152bab020c9e3e373afb90"},
    {file = "cx_Logging-3.0-cp39-cp39-win_amd64.whl", hash = "sha256:302e9c4f65a936c288a4fa59a90e7e142d9ef994aa29676731acafdcccdbb3f5"},
    {file = "cx_Logging-3.0.tar.gz", hash = "sha256:ba8a7465facf7b98d8f494030fb481a2e8aeee29dc191e10383bb54ed42bdb34"},
]
future = [
    {file = "future-0.18.2.tar.gz", hash = "sha256:b1bead90b70cf6ec3f0710ae53a525360fa360d306a86583adc6bf83a4db537d"},
]
importlib-metadata = [
    {file = "importlib_metadata-4.11.2-py3-none-any.whl", hash = "sha256:d16e8c1deb60de41b8e8ed21c1a7b947b0bc62fab7e1d470bcdf331cea2e6735"},
    {file = "importlib_metadata-4.11.2.tar.gz", hash = "sha256:b36ffa925fe3139b2f6ff11d6925ffd4fa7bc47870165e3ac260ac7b4f91e6ac"},
]
isort = [
    {file = "isort-5.10.1-py3-none-any.whl", hash = "sha256:6f62d78e2f89b4500b080fe3a81690850cd254227f27f75c3a0c491a1f351ba7"},
    {file = "isort-5.10.1.tar.gz", hash = "sha256:e8443a5e7a020e9d7f97f1d7d9cd17c88bcb3bc7e218bf9cf5095fe550be2951"},
]
lazy-object-proxy = [
    {file = "lazy-object-proxy-1.7.1.tar.gz", hash = "sha256:d609c75b986def706743cdebe5e47553f4a5a1da9c5ff66d76013ef396b5a8a4"},
    {file = "lazy_object_proxy-1.7.1-cp310-cp310-macosx_10_9_x86_64.whl", hash = "sha256:bb8c5fd1684d60a9902c60ebe276da1f2281a318ca16c1d0a96db28f62e9166b"},
    {file = "lazy_object_proxy-1.7.1-cp310-cp310-manylinux_2_17_aarch64.manylinux2014_aarch64.whl", hash = "sha256:a57d51ed2997e97f3b8e3500c984db50a554bb5db56c50b5dab1b41339b37e36"},
    {file = "lazy_object_proxy-1.7.1-cp310-cp310-manylinux_2_5_x86_64.manylinux1_x86_64.manylinux_2_17_x86_64.manylinux2014_x86_64.whl", hash = "sha256:fd45683c3caddf83abbb1249b653a266e7069a09f486daa8863fb0e7496a9fdb"},
    {file = "lazy_object_proxy-1.7.1-cp310-cp310-musllinux_1_1_aarch64.whl", hash = "sha256:8561da8b3dd22d696244d6d0d5330618c993a215070f473b699e00cf1f3f6443"},
    {file = "lazy_object_proxy-1.7.1-cp310-cp310-musllinux_1_1_x86_64.whl", hash = "sha256:fccdf7c2c5821a8cbd0a9440a456f5050492f2270bd54e94360cac663398739b"},
    {file = "lazy_object_proxy-1.7.1-cp310-cp310-win32.whl", hash = "sha256:898322f8d078f2654d275124a8dd19b079080ae977033b713f677afcfc88e2b9"},
    {file = "lazy_object_proxy-1.7.1-cp310-cp310-win_amd64.whl", hash = "sha256:85b232e791f2229a4f55840ed54706110c80c0a210d076eee093f2b2e33e1bfd"},
    {file = "lazy_object_proxy-1.7.1-cp36-cp36m-macosx_10_9_x86_64.whl", hash = "sha256:46ff647e76f106bb444b4533bb4153c7370cdf52efc62ccfc1a28bdb3cc95442"},
    {file = "lazy_object_proxy-1.7.1-cp36-cp36m-manylinux_2_17_aarch64.manylinux2014_aarch64.whl", hash = "sha256:12f3bb77efe1367b2515f8cb4790a11cffae889148ad33adad07b9b55e0ab22c"},
    {file = "lazy_object_proxy-1.7.1-cp36-cp36m-manylinux_2_5_x86_64.manylinux1_x86_64.manylinux_2_17_x86_64.manylinux2014_x86_64.whl", hash = "sha256:c19814163728941bb871240d45c4c30d33b8a2e85972c44d4e63dd7107faba44"},
    {file = "lazy_object_proxy-1.7.1-cp36-cp36m-musllinux_1_1_aarch64.whl", hash = "sha256:e40f2013d96d30217a51eeb1db28c9ac41e9d0ee915ef9d00da639c5b63f01a1"},
    {file = "lazy_object_proxy-1.7.1-cp36-cp36m-musllinux_1_1_x86_64.whl", hash = "sha256:2052837718516a94940867e16b1bb10edb069ab475c3ad84fd1e1a6dd2c0fcfc"},
    {file = "lazy_object_proxy-1.7.1-cp36-cp36m-win32.whl", hash = "sha256:6a24357267aa976abab660b1d47a34aaf07259a0c3859a34e536f1ee6e76b5bb"},
    {file = "lazy_object_proxy-1.7.1-cp36-cp36m-win_amd64.whl", hash = "sha256:6aff3fe5de0831867092e017cf67e2750c6a1c7d88d84d2481bd84a2e019ec35"},
    {file = "lazy_object_proxy-1.7.1-cp37-cp37m-macosx_10_9_x86_64.whl", hash = "sha256:6a6e94c7b02641d1311228a102607ecd576f70734dc3d5e22610111aeacba8a0"},
    {file = "lazy_object_proxy-1.7.1-cp37-cp37m-manylinux_2_17_aarch64.manylinux2014_aarch64.whl", hash = "sha256:c4ce15276a1a14549d7e81c243b887293904ad2d94ad767f42df91e75fd7b5b6"},
    {file = "lazy_object_proxy-1.7.1-cp37-cp37m-manylinux_2_5_x86_64.manylinux1_x86_64.manylinux_2_17_x86_64.manylinux2014_x86_64.whl", hash = "sha256:e368b7f7eac182a59ff1f81d5f3802161932a41dc1b1cc45c1f757dc876b5d2c"},
    {file = "lazy_object_proxy-1.7.1-cp37-cp37m-musllinux_1_1_aarch64.whl", hash = "sha256:6ecbb350991d6434e1388bee761ece3260e5228952b1f0c46ffc800eb313ff42"},
    {file = "lazy_object_proxy-1.7.1-cp37-cp37m-musllinux_1_1_x86_64.whl", hash = "sha256:553b0f0d8dbf21890dd66edd771f9b1b5f51bd912fa5f26de4449bfc5af5e029"},
    {file = "lazy_object_proxy-1.7.1-cp37-cp37m-win32.whl", hash = "sha256:c7a683c37a8a24f6428c28c561c80d5f4fd316ddcf0c7cab999b15ab3f5c5c69"},
    {file = "lazy_object_proxy-1.7.1-cp37-cp37m-win_amd64.whl", hash = "sha256:df2631f9d67259dc9620d831384ed7732a198eb434eadf69aea95ad18c587a28"},
    {file = "lazy_object_proxy-1.7.1-cp38-cp38-macosx_10_9_x86_64.whl", hash = "sha256:07fa44286cda977bd4803b656ffc1c9b7e3bc7dff7d34263446aec8f8c96f88a"},
    {file = "lazy_object_proxy-1.7.1-cp38-cp38-manylinux_2_17_aarch64.manylinux2014_aarch64.whl", hash = "sha256:4dca6244e4121c74cc20542c2ca39e5c4a5027c81d112bfb893cf0790f96f57e"},
    {file = "lazy_object_proxy-1.7.1-cp38-cp38-manylinux_2_5_x86_64.manylinux1_x86_64.manylinux_2_17_x86_64.manylinux2014_x86_64.whl", hash = "sha256:91ba172fc5b03978764d1df5144b4ba4ab13290d7bab7a50f12d8117f8630c38"},
    {file = "lazy_object_proxy-1.7.1-cp38-cp38-musllinux_1_1_aarch64.whl", hash = "sha256:043651b6cb706eee4f91854da4a089816a6606c1428fd391573ef8cb642ae4f7"},
    {file = "lazy_object_proxy-1.7.1-cp38-cp38-musllinux_1_1_x86_64.whl", hash = "sha256:b9e89b87c707dd769c4ea91f7a31538888aad05c116a59820f28d59b3ebfe25a"},
    {file = "lazy_object_proxy-1.7.1-cp38-cp38-win32.whl", hash = "sha256:9d166602b525bf54ac994cf833c385bfcc341b364e3ee71e3bf5a1336e677b55"},
    {file = "lazy_object_proxy-1.7.1-cp38-cp38-win_amd64.whl", hash = "sha256:8f3953eb575b45480db6568306893f0bd9d8dfeeebd46812aa09ca9579595148"},
    {file = "lazy_object_proxy-1.7.1-cp39-cp39-macosx_10_9_x86_64.whl", hash = "sha256:dd7ed7429dbb6c494aa9bc4e09d94b778a3579be699f9d67da7e6804c422d3de"},
    {file = "lazy_object_proxy-1.7.1-cp39-cp39-manylinux_2_17_aarch64.manylinux2014_aarch64.whl", hash = "sha256:70ed0c2b380eb6248abdef3cd425fc52f0abd92d2b07ce26359fcbc399f636ad"},
    {file = "lazy_object_proxy-1.7.1-cp39-cp39-manylinux_2_5_x86_64.manylinux1_x86_64.manylinux_2_17_x86_64.manylinux2014_x86_64.whl", hash = "sha256:7096a5e0c1115ec82641afbdd70451a144558ea5cf564a896294e346eb611be1"},
    {file = "lazy_object_proxy-1.7.1-cp39-cp39-musllinux_1_1_aarch64.whl", hash = "sha256:f769457a639403073968d118bc70110e7dce294688009f5c24ab78800ae56dc8"},
    {file = "lazy_object_proxy-1.7.1-cp39-cp39-musllinux_1_1_x86_64.whl", hash = "sha256:39b0e26725c5023757fc1ab2a89ef9d7ab23b84f9251e28f9cc114d5b59c1b09"},
    {file = "lazy_object_proxy-1.7.1-cp39-cp39-win32.whl", hash = "sha256:2130db8ed69a48a3440103d4a520b89d8a9405f1b06e2cc81640509e8bf6548f"},
    {file = "lazy_object_proxy-1.7.1-cp39-cp39-win_amd64.whl", hash = "sha256:677ea950bef409b47e51e733283544ac3d660b709cfce7b187f5ace137960d61"},
    {file = "lazy_object_proxy-1.7.1-pp37.pp38-none-any.whl", hash = "sha256:d66906d5785da8e0be7360912e99c9188b70f52c422f9fc18223347235691a84"},
]
lief = [
    {file = "lief-0.11.5-cp310-cp310-macosx_10_14_x86_64.whl", hash = "sha256:be2b5420a8c48968c37621aa9ff0b34bc56115687f095da419ff97e4542cd27a"},
    {file = "lief-0.11.5-cp310-cp310-manylinux_2_17_x86_64.manylinux2014_x86_64.whl", hash = "sha256:4f7f33e44ea73aebdfa4f511866a919a7a8cb5cbb6a3ca573549f8137232ec7b"},
    {file = "lief-0.11.5-cp310-cp310-win32.whl", hash = "sha256:c30be8afd44f2b2441427f71b06a0cae190d535268304ba92f13b0eec9436221"},
    {file = "lief-0.11.5-cp310-cp310-win_amd64.whl", hash = "sha256:aa41e6fbd8feb7e42a1d67b99604f4c32b31e5dd1e36c99a90af73f19dc377f8"},
    {file = "lief-0.11.5-cp36-cp36m-macosx_10_14_x86_64.whl", hash = "sha256:1cca100e77382f4137a3b1283769efa0e68a965fa4f3e21e64e3f67b6e22fdc8"},
    {file = "lief-0.11.5-cp36-cp36m-manylinux1_x86_64.whl", hash = "sha256:621ad19f77884a008d61e05b92aed8309a8460e93916f4722439beaa529ca37d"},
    {file = "lief-0.11.5-cp36-cp36m-manylinux_2_17_x86_64.manylinux2014_x86_64.whl", hash = "sha256:c672dcd78dbbe2c0746721cdb1593b237a8b983d039e73713b055449e4a58207"},
    {file = "lief-0.11.5-cp36-cp36m-win32.whl", hash = "sha256:5a0da170943aaf7019b27b9a7199b860298426c0455f88add392f472605c39ee"},
    {file = "lief-0.11.5-cp36-cp36m-win_amd64.whl", hash = "sha256:5f5fb42461b5d5d5b2ccf7fe17e8f26bd632afcbaedf29a9d30819eeea5dab29"},
    {file = "lief-0.11.5-cp37-cp37m-macosx_10_14_x86_64.whl", hash = "sha256:710112ebc642bf5287a7b25c54c8a4e1079cbb403d4e844a364e1c3cbed52486"},
    {file = "lief-0.11.5-cp37-cp37m-manylinux1_x86_64.whl", hash = "sha256:bfc0246af63361e22a952f8babd542477d64288d993c5a053a72f9e3f59da795"},
    {file = "lief-0.11.5-cp37-cp37m-manylinux2014_aarch64.whl", hash = "sha256:8b219ce4a41b0734fe9a7fbfde7d23a92bc005c8684882662808fc438568c1b5"},
    {file = "lief-0.11.5-cp37-cp37m-manylinux_2_17_x86_64.manylinux2014_x86_64.whl", hash = "sha256:3f510836d19cee407015ee565ea566e444471f0ecb3028a5c5e2219a7583f3c4"},
    {file = "lief-0.11.5-cp37-cp37m-win32.whl", hash = "sha256:9c6cc9da3e3a56ad29fc4e77e7109e960bd0cae3e3ba5307e3ae5c65d85fbdc4"},
    {file = "lief-0.11.5-cp37-cp37m-win_amd64.whl", hash = "sha256:a1f7792f1d811a898d3d676c32731d6b055573a2c3e67988ab1b32917db3de96"},
    {file = "lief-0.11.5-cp38-cp38-macosx_10_14_x86_64.whl", hash = "sha256:fd41077526e30bfcafa3d03bff8466a4a9ae4bbe21cadd6a09168a62ce18710c"},
    {file = "lief-0.11.5-cp38-cp38-macosx_11_0_arm64.whl", hash = "sha256:5122e4e70fecc32e7fdf2e9cd9b580ddd63fb4509eae373be78b3c11d67175b8"},
    {file = "lief-0.11.5-cp38-cp38-manylinux1_x86_64.whl", hash = "sha256:e6d9621c1db852ca4de37efe98151838edf0a976fe03cace471b3a761861f95e"},
    {file = "lief-0.11.5-cp38-cp38-manylinux2014_aarch64.whl", hash = "sha256:17314177c0124ccd450554bbcb203b8cd2660c94e36bdc05a6eba04bb0af3954"},
    {file = "lief-0.11.5-cp38-cp38-manylinux_2_17_x86_64.manylinux2014_x86_64.whl", hash = "sha256:b275a542b5ef173ec9602d2f511a895c4228db63bbbc58699859da4afe8bfd58"},
    {file = "lief-0.11.5-cp38-cp38-win32.whl", hash = "sha256:208294f208354f57ded772efc4c3b2ea61fae35325a048d38c21571cb35e4bfc"},
    {file = "lief-0.11.5-cp38-cp38-win_amd64.whl", hash = "sha256:f4e8a878615a46ef4ae016261a59152b8c019a35adb865e26a37c8ef25200d7e"},
    {file = "lief-0.11.5-cp39-cp39-macosx_10_14_x86_64.whl", hash = "sha256:544b0f8a587bc5f6fd39cf47d9785af2714f982682efcd1dd3291604e7cb6351"},
    {file = "lief-0.11.5-cp39-cp39-macosx_11_0_arm64.whl", hash = "sha256:e743345290649f54efcf2c1ea530f3520a7b22583fb8b0772df48b1901ecb1ea"},
    {file = "lief-0.11.5-cp39-cp39-manylinux1_x86_64.whl", hash = "sha256:eb8c2ae617ff54c4ea73dbd055544681b3cfeafbdbf0fe4535fac494515ab65b"},
    {file = "lief-0.11.5-cp39-cp39-manylinux2014_aarch64.whl", hash = "sha256:a4bb649a2f5404b8e2e4b8beb3772466430e7382fc5f7f014f3f778137133987"},
    {file = "lief-0.11.5-cp39-cp39-manylinux_2_17_x86_64.manylinux2014_x86_64.whl", hash = "sha256:44bd7804a39837ff46cd543154f6e4a28e2d4fafa312752ca6deea1c849995ce"},
    {file = "lief-0.11.5-cp39-cp39-win32.whl", hash = "sha256:8fd1ecdb3001e8e19df7278b77df5d6394ad6071354e177d11ad08b0a727d390"},
    {file = "lief-0.11.5-cp39-cp39-win_amd64.whl", hash = "sha256:c773eaee900f398cc98a9c8501d9ab7465af9729979841bb78f4aaa8b821fd9a"},
    {file = "lief-0.11.5.zip", hash = "sha256:932ba495388fb52b4ba056a0b00abe0bda3567ad3ebc6d726be1e87b8be08b3f"},
]
macholib = [
    {file = "macholib-1.15.2-py2.py3-none-any.whl", hash = "sha256:885613dd02d3e26dbd2b541eb4cc4ce611b841f827c0958ab98656e478b9e6f6"},
    {file = "macholib-1.15.2.tar.gz", hash = "sha256:1542c41da3600509f91c165cb897e7e54c0e74008bd8da5da7ebbee519d593d2"},
]
mccabe = [
    {file = "mccabe-0.6.1-py2.py3-none-any.whl", hash = "sha256:ab8a6258860da4b6677da4bd2fe5dc2c659cff31b3ee4f7f5d64e79735b80d42"},
    {file = "mccabe-0.6.1.tar.gz", hash = "sha256:dd8d182285a0fe56bace7f45b5e7d1a6ebcbf524e8f3bd87eb0f125271b8831f"},
]
patchelf = [
    {file = "patchelf-0.14.5.0-py2.py3-none-manylinux_2_17_aarch64.manylinux2014_aarch64.musllinux_1_1_aarch64.whl", hash = "sha256:180b0688633c22463588acaaeb8b060147ad73627fb6221503ba4914d24938c9"},
    {file = "patchelf-0.14.5.0-py2.py3-none-manylinux_2_17_ppc64le.manylinux2014_ppc64le.musllinux_1_1_ppc64le.whl", hash = "sha256:ee91f192e5009c7c4dc026f86ba2a6a9c6746d4a5535b211554fa4fce8dc8232"},
    {file = "patchelf-0.14.5.0-py2.py3-none-manylinux_2_17_s390x.manylinux2014_s390x.musllinux_1_1_s390x.whl", hash = "sha256:d1bd07adfbf94bae79c4122e6674596ae0a21b5722a0fd8c23b0505810436aea"},
    {file = "patchelf-0.14.5.0-py2.py3-none-manylinux_2_5_i686.manylinux1_i686.musllinux_1_1_i686.whl", hash = "sha256:b5ac50750572857eaf08dc1823f0c25bd18bb78b9ec8d304b8e8f6206f4cefe4"},
    {file = "patchelf-0.14.5.0-py2.py3-none-manylinux_2_5_x86_64.manylinux1_x86_64.musllinux_1_1_x86_64.whl", hash = "sha256:9c360b978ac0949b4a4be79f8904d81c5e5d75f85c16cde40013543451297f4b"},
    {file = "patchelf-0.14.5.0.tar.gz", hash = "sha256:d433eb851a9b8ab91ee1f4dbae6a8f7af859a44c5e157029cff028efe81922bf"},
]
pefile = [
    {file = "pefile-2021.9.3.tar.gz", hash = "sha256:344a49e40a94e10849f0fe34dddc80f773a12b40675bf2f7be4b8be578bdd94a"},
]
platformdirs = [
    {file = "platformdirs-2.5.1-py3-none-any.whl", hash = "sha256:bcae7cab893c2d310a711b70b24efb93334febe65f8de776ee320b517471e227"},
    {file = "platformdirs-2.5.1.tar.gz", hash = "sha256:7535e70dfa32e84d4b34996ea99c5e432fa29a708d0f4e394bbcb2a8faa4f16d"},
]
pycairo = [
    {file = "pycairo-1.20.1-cp310-cp310-win32.whl", hash = "sha256:736ffc618e851601e861a630293e5c910ef016b83b2d035a336f83a367bf56ab"},
    {file = "pycairo-1.20.1-cp310-cp310-win_amd64.whl", hash = "sha256:261c69850d4b2ec03346c9745bad2a835bb8124e4c6961b8ceac503d744eb3b3"},
    {file = "pycairo-1.20.1-cp36-cp36m-win32.whl", hash = "sha256:6db823a18e7be1eb2a29c28961f2f01e84d3b449f06be7338d05ac8f90592cd5"},
    {file = "pycairo-1.20.1-cp36-cp36m-win_amd64.whl", hash = "sha256:5525da2d8de912750dd157752aa96f1f0a42a437c5625e85b14c936b5c6305ae"},
    {file = "pycairo-1.20.1-cp37-cp37m-win32.whl", hash = "sha256:c8c2bb933974d91c5d19e54b846d964de177e7bf33433bf34ac34c85f9b30e94"},
    {file = "pycairo-1.20.1-cp37-cp37m-win_amd64.whl", hash = "sha256:9a32e4a3574a104aa876c35d5e71485dfd6986b18d045534c6ec510c44d5d6a7"},
    {file = "pycairo-1.20.1-cp38-cp38-win32.whl", hash = "sha256:0d7a6754d410d911a46f00396bee4be96500ccd3d178e7e98aef1140e3dd67ae"},
    {file = "pycairo-1.20.1-cp38-cp38-win_amd64.whl", hash = "sha256:b605151cdd23cedb31855b8666371b6e26b80f02753a52c8b8023a916b1df812"},
    {file = "pycairo-1.20.1-cp39-cp39-win32.whl", hash = "sha256:e800486b51fffeb11ed867b4f2220d446e2a60a81a73b7c377123e0cbb72f49d"},
    {file = "pycairo-1.20.1-cp39-cp39-win_amd64.whl", hash = "sha256:f123d3818e30b77b7209d70a6dcfd5b4e34885f9fa539d92dd7ff3e4e2037213"},
    {file = "pycairo-1.20.1.tar.gz", hash = "sha256:1ee72b035b21a475e1ed648e26541b04e5d7e753d75ca79de8c583b25785531b"},
]
pycodestyle = [
    {file = "pycodestyle-2.8.0-py2.py3-none-any.whl", hash = "sha256:720f8b39dde8b293825e7ff02c475f3077124006db4f440dcbc9a20b76548a20"},
    {file = "pycodestyle-2.8.0.tar.gz", hash = "sha256:eddd5847ef438ea1c7870ca7eb78a9d47ce0cdb4851a5523949f2601d0cbbe7f"},
]
pygobject = [
    {file = "PyGObject-3.42.0.tar.gz", hash = "sha256:b9803991ec0b0b4175e81fee0ad46090fa7af438fe169348a9b18ae53447afcd"},
]
pygobject-stubs = [
    {file = "PyGObject-stubs-0.0.3.tar.gz", hash = "sha256:4102fff3ba3036272b3f3d792ed30096d04e486ae9dcc5cff76d21d7ff352ec7"},
]
pyinstaller = [
    {file = "pyinstaller-4.9-py3-none-macosx_10_13_universal2.whl", hash = "sha256:e2f165cea4470ce8a8349112cd78f48a61413805adc17792a91997a11cfe1d80"},
    {file = "pyinstaller-4.9-py3-none-manylinux2014_aarch64.whl", hash = "sha256:24035eb9fffa2e3e288b4c1c9710043819efc7203cae5c8c573bec16f4a8e98f"},
    {file = "pyinstaller-4.9-py3-none-manylinux2014_i686.whl", hash = "sha256:a0b988cfc197d40e3d773b3aa1c7d3e918fc0933b4c15ec3fc5d156f222d82cb"},
    {file = "pyinstaller-4.9-py3-none-manylinux2014_ppc64le.whl", hash = "sha256:62c97cbbdbee30974d607eb1de9afb081eb3adba787c203b00438e21027b829b"},
    {file = "pyinstaller-4.9-py3-none-manylinux2014_s390x.whl", hash = "sha256:7f46ab11ec986e4c525b93251063144e12d432a132dbc0070e3030e34c76537a"},
    {file = "pyinstaller-4.9-py3-none-manylinux2014_x86_64.whl", hash = "sha256:b5f1a94150315ea75bf3501be6c8476d65a7209580bb662da06dbdbc4454f375"},
    {file = "pyinstaller-4.9-py3-none-musllinux_1_1_aarch64.whl", hash = "sha256:ebeb87cdbadb2b4e8f991ffd9945ebd4fb3a7303180e63682c3e1ce01b3fdd22"},
    {file = "pyinstaller-4.9-py3-none-musllinux_1_1_x86_64.whl", hash = "sha256:59372b950d176fdc5ecea29719a8ab3f194b73a15b7f9875ac2a1de9a3daf5ed"},
    {file = "pyinstaller-4.9-py3-none-win32.whl", hash = "sha256:ec3ca331d565ffca1b6470c5aaf798885a03708c3d0b15c1b19009126f84c1d4"},
    {file = "pyinstaller-4.9-py3-none-win_amd64.whl", hash = "sha256:bec57b3b2b6178907255557ec0fc4b5ce5a0474013414cdadea853205c74ed26"},
    {file = "pyinstaller-4.9.tar.gz", hash = "sha256:75a180a658871bc41f9cf94b6f90ffa54e98f5d6a7cdb02d7530f0360afe24f9"},
]
pyinstaller-hooks-contrib = [
    {file = "pyinstaller-hooks-contrib-2022.2.tar.gz", hash = "sha256:ab1d14fe053016fff7b0c6aea51d980bac6d02114b04063b46ef7dac70c70e1e"},
    {file = "pyinstaller_hooks_contrib-2022.2-py2.py3-none-any.whl", hash = "sha256:7605e440ccb55904cb2a87d72e83642ef176fb7030c77e52ac4d9679bb3d1537"},
]
pylint = [
    {file = "pylint-2.12.2-py3-none-any.whl", hash = "sha256:daabda3f7ed9d1c60f52d563b1b854632fd90035bcf01443e234d3dc794e3b74"},
    {file = "pylint-2.12.2.tar.gz", hash = "sha256:9d945a73640e1fec07ee34b42f5669b770c759acd536ec7b16d7e4b87a9c9ff9"},
]
pywin32-ctypes = [
    {file = "pywin32-ctypes-0.2.0.tar.gz", hash = "sha256:24ffc3b341d457d48e8922352130cf2644024a4ff09762a2261fd34c36ee5942"},
    {file = "pywin32_ctypes-0.2.0-py2.py3-none-any.whl", hash = "sha256:9dc2d991b3479cc2df15930958b674a48a227d5361d413827a4cfd0b5876fc98"},
]
toml = [
    {file = "toml-0.10.2-py2.py3-none-any.whl", hash = "sha256:806143ae5bfb6a3c6e736a764057db0e6a0e05e338b5630894a5f779cabb4f9b"},
    {file = "toml-0.10.2.tar.gz", hash = "sha256:b3bda1d108d5dd99f4a20d24d9c348e91c4db7ab1b749200bded2f839ccbe68f"},
]
typing-extensions = [
    {file = "typing_extensions-4.1.1-py3-none-any.whl", hash = "sha256:21c85e0fe4b9a155d0799430b0ad741cdce7e359660ccbd8b530613e8df88ce2"},
    {file = "typing_extensions-4.1.1.tar.gz", hash = "sha256:1a9462dcc3347a79b1f1c0271fbe79e844580bb598bafa1ed208b94da3cdcd42"},
]
wrapt = [
    {file = "wrapt-1.13.3-cp27-cp27m-macosx_10_9_x86_64.whl", hash = "sha256:e05e60ff3b2b0342153be4d1b597bbcfd8330890056b9619f4ad6b8d5c96a81a"},
    {file = "wrapt-1.13.3-cp27-cp27m-manylinux1_i686.whl", hash = "sha256:85148f4225287b6a0665eef08a178c15097366d46b210574a658c1ff5b377489"},
    {file = "wrapt-1.13.3-cp27-cp27m-manylinux1_x86_64.whl", hash = "sha256:2dded5496e8f1592ec27079b28b6ad2a1ef0b9296d270f77b8e4a3a796cf6909"},
    {file = "wrapt-1.13.3-cp27-cp27m-manylinux2010_i686.whl", hash = "sha256:e94b7d9deaa4cc7bac9198a58a7240aaf87fe56c6277ee25fa5b3aa1edebd229"},
    {file = "wrapt-1.13.3-cp27-cp27m-manylinux2010_x86_64.whl", hash = "sha256:498e6217523111d07cd67e87a791f5e9ee769f9241fcf8a379696e25806965af"},
    {file = "wrapt-1.13.3-cp27-cp27mu-manylinux1_i686.whl", hash = "sha256:ec7e20258ecc5174029a0f391e1b948bf2906cd64c198a9b8b281b811cbc04de"},
    {file = "wrapt-1.13.3-cp27-cp27mu-manylinux1_x86_64.whl", hash = "sha256:87883690cae293541e08ba2da22cacaae0a092e0ed56bbba8d018cc486fbafbb"},
    {file = "wrapt-1.13.3-cp27-cp27mu-manylinux2010_i686.whl", hash = "sha256:f99c0489258086308aad4ae57da9e8ecf9e1f3f30fa35d5e170b4d4896554d80"},
    {file = "wrapt-1.13.3-cp27-cp27mu-manylinux2010_x86_64.whl", hash = "sha256:6a03d9917aee887690aa3f1747ce634e610f6db6f6b332b35c2dd89412912bca"},
    {file = "wrapt-1.13.3-cp310-cp310-macosx_10_9_x86_64.whl", hash = "sha256:936503cb0a6ed28dbfa87e8fcd0a56458822144e9d11a49ccee6d9a8adb2ac44"},
    {file = "wrapt-1.13.3-cp310-cp310-manylinux_2_5_i686.manylinux1_i686.manylinux_2_12_i686.manylinux2010_i686.whl", hash = "sha256:f9c51d9af9abb899bd34ace878fbec8bf357b3194a10c4e8e0a25512826ef056"},
    {file = "wrapt-1.13.3-cp310-cp310-manylinux_2_5_x86_64.manylinux1_x86_64.manylinux_2_12_x86_64.manylinux2010_x86_64.whl", hash = "sha256:220a869982ea9023e163ba915077816ca439489de6d2c09089b219f4e11b6785"},
    {file = "wrapt-1.13.3-cp310-cp310-musllinux_1_1_i686.whl", hash = "sha256:0877fe981fd76b183711d767500e6b3111378ed2043c145e21816ee589d91096"},
    {file = "wrapt-1.13.3-cp310-cp310-musllinux_1_1_x86_64.whl", hash = "sha256:43e69ffe47e3609a6aec0fe723001c60c65305784d964f5007d5b4fb1bc6bf33"},
    {file = "wrapt-1.13.3-cp310-cp310-win32.whl", hash = "sha256:78dea98c81915bbf510eb6a3c9c24915e4660302937b9ae05a0947164248020f"},
    {file = "wrapt-1.13.3-cp310-cp310-win_amd64.whl", hash = "sha256:ea3e746e29d4000cd98d572f3ee2a6050a4f784bb536f4ac1f035987fc1ed83e"},
    {file = "wrapt-1.13.3-cp35-cp35m-manylinux1_i686.whl", hash = "sha256:8c73c1a2ec7c98d7eaded149f6d225a692caa1bd7b2401a14125446e9e90410d"},
    {file = "wrapt-1.13.3-cp35-cp35m-manylinux1_x86_64.whl", hash = "sha256:086218a72ec7d986a3eddb7707c8c4526d677c7b35e355875a0fe2918b059179"},
    {file = "wrapt-1.13.3-cp35-cp35m-manylinux2010_i686.whl", hash = "sha256:e92d0d4fa68ea0c02d39f1e2f9cb5bc4b4a71e8c442207433d8db47ee79d7aa3"},
    {file = "wrapt-1.13.3-cp35-cp35m-manylinux2010_x86_64.whl", hash = "sha256:d4a5f6146cfa5c7ba0134249665acd322a70d1ea61732723c7d3e8cc0fa80755"},
    {file = "wrapt-1.13.3-cp35-cp35m-win32.whl", hash = "sha256:8aab36778fa9bba1a8f06a4919556f9f8c7b33102bd71b3ab307bb3fecb21851"},
    {file = "wrapt-1.13.3-cp35-cp35m-win_amd64.whl", hash = "sha256:944b180f61f5e36c0634d3202ba8509b986b5fbaf57db3e94df11abee244ba13"},
    {file = "wrapt-1.13.3-cp36-cp36m-macosx_10_9_x86_64.whl", hash = "sha256:2ebdde19cd3c8cdf8df3fc165bc7827334bc4e353465048b36f7deeae8ee0918"},
    {file = "wrapt-1.13.3-cp36-cp36m-manylinux_2_5_i686.manylinux1_i686.manylinux_2_12_i686.manylinux2010_i686.whl", hash = "sha256:610f5f83dd1e0ad40254c306f4764fcdc846641f120c3cf424ff57a19d5f7ade"},
    {file = "wrapt-1.13.3-cp36-cp36m-manylinux_2_5_x86_64.manylinux1_x86_64.manylinux_2_12_x86_64.manylinux2010_x86_64.whl", hash = "sha256:5601f44a0f38fed36cc07db004f0eedeaadbdcec90e4e90509480e7e6060a5bc"},
    {file = "wrapt-1.13.3-cp36-cp36m-musllinux_1_1_i686.whl", hash = "sha256:e6906d6f48437dfd80464f7d7af1740eadc572b9f7a4301e7dd3d65db285cacf"},
    {file = "wrapt-1.13.3-cp36-cp36m-musllinux_1_1_x86_64.whl", hash = "sha256:766b32c762e07e26f50d8a3468e3b4228b3736c805018e4b0ec8cc01ecd88125"},
    {file = "wrapt-1.13.3-cp36-cp36m-win32.whl", hash = "sha256:5f223101f21cfd41deec8ce3889dc59f88a59b409db028c469c9b20cfeefbe36"},
    {file = "wrapt-1.13.3-cp36-cp36m-win_amd64.whl", hash = "sha256:f122ccd12fdc69628786d0c947bdd9cb2733be8f800d88b5a37c57f1f1d73c10"},
    {file = "wrapt-1.13.3-cp37-cp37m-macosx_10_9_x86_64.whl", hash = "sha256:46f7f3af321a573fc0c3586612db4decb7eb37172af1bc6173d81f5b66c2e068"},
    {file = "wrapt-1.13.3-cp37-cp37m-manylinux_2_5_i686.manylinux1_i686.manylinux_2_12_i686.manylinux2010_i686.whl", hash = "sha256:778fd096ee96890c10ce96187c76b3e99b2da44e08c9e24d5652f356873f6709"},
    {file = "wrapt-1.13.3-cp37-cp37m-manylinux_2_5_x86_64.manylinux1_x86_64.manylinux_2_12_x86_64.manylinux2010_x86_64.whl", hash = "sha256:0cb23d36ed03bf46b894cfec777eec754146d68429c30431c99ef28482b5c1df"},
    {file = "wrapt-1.13.3-cp37-cp37m-musllinux_1_1_i686.whl", hash = "sha256:96b81ae75591a795d8c90edc0bfaab44d3d41ffc1aae4d994c5aa21d9b8e19a2"},
    {file = "wrapt-1.13.3-cp37-cp37m-musllinux_1_1_x86_64.whl", hash = "sha256:7dd215e4e8514004c8d810a73e342c536547038fb130205ec4bba9f5de35d45b"},
    {file = "wrapt-1.13.3-cp37-cp37m-win32.whl", hash = "sha256:47f0a183743e7f71f29e4e21574ad3fa95676136f45b91afcf83f6a050914829"},
    {file = "wrapt-1.13.3-cp37-cp37m-win_amd64.whl", hash = "sha256:fd76c47f20984b43d93de9a82011bb6e5f8325df6c9ed4d8310029a55fa361ea"},
    {file = "wrapt-1.13.3-cp38-cp38-macosx_10_9_x86_64.whl", hash = "sha256:b73d4b78807bd299b38e4598b8e7bd34ed55d480160d2e7fdaabd9931afa65f9"},
    {file = "wrapt-1.13.3-cp38-cp38-manylinux_2_5_i686.manylinux1_i686.manylinux_2_12_i686.manylinux2010_i686.whl", hash = "sha256:ec9465dd69d5657b5d2fa6133b3e1e989ae27d29471a672416fd729b429eb554"},
    {file = "wrapt-1.13.3-cp38-cp38-manylinux_2_5_x86_64.manylinux1_x86_64.manylinux_2_12_x86_64.manylinux2010_x86_64.whl", hash = "sha256:dd91006848eb55af2159375134d724032a2d1d13bcc6f81cd8d3ed9f2b8e846c"},
    {file = "wrapt-1.13.3-cp38-cp38-musllinux_1_1_i686.whl", hash = "sha256:ae9de71eb60940e58207f8e71fe113c639da42adb02fb2bcbcaccc1ccecd092b"},
    {file = "wrapt-1.13.3-cp38-cp38-musllinux_1_1_x86_64.whl", hash = "sha256:51799ca950cfee9396a87f4a1240622ac38973b6df5ef7a41e7f0b98797099ce"},
    {file = "wrapt-1.13.3-cp38-cp38-win32.whl", hash = "sha256:4b9c458732450ec42578b5642ac53e312092acf8c0bfce140ada5ca1ac556f79"},
    {file = "wrapt-1.13.3-cp38-cp38-win_amd64.whl", hash = "sha256:7dde79d007cd6dfa65afe404766057c2409316135cb892be4b1c768e3f3a11cb"},
    {file = "wrapt-1.13.3-cp39-cp39-macosx_10_9_x86_64.whl", hash = "sha256:981da26722bebb9247a0601e2922cedf8bb7a600e89c852d063313102de6f2cb"},
    {file = "wrapt-1.13.3-cp39-cp39-manylinux_2_5_i686.manylinux1_i686.manylinux_2_12_i686.manylinux2010_i686.whl", hash = "sha256:705e2af1f7be4707e49ced9153f8d72131090e52be9278b5dbb1498c749a1e32"},
    {file = "wrapt-1.13.3-cp39-cp39-manylinux_2_5_x86_64.manylinux1_x86_64.manylinux_2_12_x86_64.manylinux2010_x86_64.whl", hash = "sha256:25b1b1d5df495d82be1c9d2fad408f7ce5ca8a38085e2da41bb63c914baadff7"},
    {file = "wrapt-1.13.3-cp39-cp39-musllinux_1_1_i686.whl", hash = "sha256:77416e6b17926d953b5c666a3cb718d5945df63ecf922af0ee576206d7033b5e"},
    {file = "wrapt-1.13.3-cp39-cp39-musllinux_1_1_x86_64.whl", hash = "sha256:865c0b50003616f05858b22174c40ffc27a38e67359fa1495605f96125f76640"},
    {file = "wrapt-1.13.3-cp39-cp39-win32.whl", hash = "sha256:0a017a667d1f7411816e4bf214646d0ad5b1da2c1ea13dec6c162736ff25a374"},
    {file = "wrapt-1.13.3-cp39-cp39-win_amd64.whl", hash = "sha256:81bd7c90d28a4b2e1df135bfbd7c23aee3050078ca6441bead44c42483f9ebfb"},
    {file = "wrapt-1.13.3.tar.gz", hash = "sha256:1fea9cd438686e6682271d36f3481a9f3636195578bab9ca3382e2f5f01fc185"},
]
zipp = [
    {file = "zipp-3.7.0-py3-none-any.whl", hash = "sha256:b47250dd24f92b7dd6a0a8fc5244da14608f3ca90a5efcd37a3b1642fac9a375"},
    {file = "zipp-3.7.0.tar.gz", hash = "sha256:9f50f446828eb9d45b267433fd3e9da8d801f614129124863f9c51ebceafb87d"},
]
